
Microsoft Visual Studio Solution File, Format Version 12.00
# Visual Studio Version 17
VisualStudioVersion = 17.5.33502.453
MinimumVisualStudioVersion = 10.0.40219.1
Project("{FAE04EC0-301F-11D3-BF4B-00C04F79EFBC}") = "CodeFirst", "CodeFirst\CodeFirst.csproj", "{1B1AF15D-CCD0-4504-A74E-352E4011D690}"
EndProject
Project("{FAE04EC0-301F-11D3-BF4B-00C04F79EFBC}") = "CodeFirstExistingDatabase", "CodeFirstExistingDatabase\CodeFirstExistingDatabase.csproj", "{D25EF541-5252-418A-84A3-9737640A867E}"
EndProject
Project("{FAE04EC0-301F-11D3-BF4B-00C04F79EFBC}") = "FluentAPI", "FluentAPI\FluentAPI.csproj", "{CD772115-A2AE-4730-8022-541307E08863}"
EndProject
Project("{FAE04EC0-301F-11D3-BF4B-00C04F79EFBC}") = "Queries", "Queries\Queries.csproj", "{1B5FC040-9E8D-4C93-A692-A6D0FBB14C07}"
EndProject
Global
	GlobalSection(SolutionConfigurationPlatforms) = preSolution
		Debug|Any CPU = Debug|Any CPU
		Release|Any CPU = Release|Any CPU
	EndGlobalSection
	GlobalSection(ProjectConfigurationPlatforms) = postSolution
		{1B1AF15D-CCD0-4504-A74E-352E4011D690}.Debug|Any CPU.ActiveCfg = Debug|Any CPU
		{1B1AF15D-CCD0-4504-A74E-352E4011D690}.Debug|Any CPU.Build.0 = Debug|Any CPU
		{1B1AF15D-CCD0-4504-A74E-352E4011D690}.Release|Any CPU.ActiveCfg = Release|Any CPU
		{1B1AF15D-CCD0-4504-A74E-352E4011D690}.Release|Any CPU.Build.0 = Release|Any CPU
		{D25EF541-5252-418A-84A3-9737640A867E}.Debug|Any CPU.ActiveCfg = Debug|Any CPU
		{D25EF541-5252-418A-84A3-9737640A867E}.Debug|Any CPU.Build.0 = Debug|Any CPU
		{D25EF541-5252-418A-84A3-9737640A867E}.Release|Any CPU.ActiveCfg = Release|Any CPU
		{D25EF541-5252-418A-84A3-9737640A867E}.Release|Any CPU.Build.0 = Release|Any CPU
		{CD772115-A2AE-4730-8022-541307E08863}.Debug|Any CPU.ActiveCfg = Debug|Any CPU
		{CD772115-A2AE-4730-8022-541307E08863}.Debug|Any CPU.Build.0 = Debug|Any CPU
		{CD772115-A2AE-4730-8022-541307E08863}.Release|Any CPU.ActiveCfg = Release|Any CPU
		{CD772115-A2AE-4730-8022-541307E08863}.Release|Any CPU.Build.0 = Release|Any CPU
		{1B5FC040-9E8D-4C93-A692-A6D0FBB14C07}.Debug|Any CPU.ActiveCfg = Debug|Any CPU
		{1B5FC040-9E8D-4C93-A692-A6D0FBB14C07}.Debug|Any CPU.Build.0 = Debug|Any CPU
		{1B5FC040-9E8D-4C93-A692-A6D0FBB14C07}.Release|Any CPU.ActiveCfg = Release|Any CPU
		{1B5FC040-9E8D-4C93-A692-A6D0FBB14C07}.Release|Any CPU.Build.0 = Release|Any CPU
	EndGlobalSection
	GlobalSection(SolutionProperties) = preSolution
		HideSolutionNode = FALSE
	EndGlobalSection
	GlobalSection(ExtensibilityGlobals) = postSolution
		SolutionGuid = {CC2E6ABF-2E80-444A-ADCA-1A3908FBE7B7}
	EndGlobalSection
EndGlobal
